
Microsoft Visual Studio Solution File, Format Version 12.00
# Visual Studio Version 16
VisualStudioVersion = 16.0.31321.278
MinimumVisualStudioVersion = 10.0.40219.1
Project("{FAE04EC0-301F-11D3-BF4B-00C04F79EFBC}") = "grad2021", "grad2021.csproj", "{1AD17AA6-7BA8-47D4-A25F-2A0D28C1CF87}"
EndProject
Global
	GlobalSection(SolutionConfigurationPlatforms) = preSolution
		Debug|Any CPU = Debug|Any CPU
		Release|Any CPU = Release|Any CPU
	EndGlobalSection
	GlobalSection(ProjectConfigurationPlatforms) = postSolution
		{1AD17AA6-7BA8-47D4-A25F-2A0D28C1CF87}.Debug|Any CPU.ActiveCfg = Debug|Any CPU
		{1AD17AA6-7BA8-47D4-A25F-2A0D28C1CF87}.Debug|Any CPU.Build.0 = Debug|Any CPU
		{1AD17AA6-7BA8-47D4-A25F-2A0D28C1CF87}.Release|Any CPU.ActiveCfg = Release|Any CPU
		{1AD17AA6-7BA8-47D4-A25F-2A0D28C1CF87}.Release|Any CPU.Build.0 = Release|Any CPU
	EndGlobalSection
	GlobalSection(SolutionProperties) = preSolution
		HideSolutionNode = FALSE
	EndGlobalSection
	GlobalSection(ExtensibilityGlobals) = postSolution
		SolutionGuid = {6CFBC8A3-50FA-4826-9F08-8E4F9156FDE7}
	EndGlobalSection
EndGlobal
